
Microsoft Visual Studio Solution File, Format Version 12.00
# Visual Studio Version 17
VisualStudioVersion = 17.11.35312.102
MinimumVisualStudioVersion = 10.0.40219.1
Project("{FAE04EC0-301F-11D3-BF4B-00C04F79EFBC}") = "SuperPhotoShop", "SuperPhotoShop\SuperPhotoShop.csproj", "{3C7632D7-EEC4-45E5-B9CA-99F601166C78}"
EndProject
Project("{FAE04EC0-301F-11D3-BF4B-00C04F79EFBC}") = "SuperPhohotoShopConsole", "SuperPhohotoShopConsole\SuperPhohotoShopConsole.csproj", "{98179C9A-4F61-4038-BF2E-440DB540D2AE}"
EndProject
Global
	GlobalSection(SolutionConfigurationPlatforms) = preSolution
		Debug|Any CPU = Debug|Any CPU
		Release|Any CPU = Release|Any CPU
	EndGlobalSection
	GlobalSection(ProjectConfigurationPlatforms) = postSolution
		{3C7632D7-EEC4-45E5-B9CA-99F601166C78}.Debug|Any CPU.ActiveCfg = Debug|Any CPU
		{3C7632D7-EEC4-45E5-B9CA-99F601166C78}.Debug|Any CPU.Build.0 = Debug|Any CPU
		{3C7632D7-EEC4-45E5-B9CA-99F601166C78}.Release|Any CPU.ActiveCfg = Release|Any CPU
		{3C7632D7-EEC4-45E5-B9CA-99F601166C78}.Release|Any CPU.Build.0 = Release|Any CPU
		{98179C9A-4F61-4038-BF2E-440DB540D2AE}.Debug|Any CPU.ActiveCfg = Debug|Any CPU
		{98179C9A-4F61-4038-BF2E-440DB540D2AE}.Debug|Any CPU.Build.0 = Debug|Any CPU
		{98179C9A-4F61-4038-BF2E-440DB540D2AE}.Release|Any CPU.ActiveCfg = Release|Any CPU
		{98179C9A-4F61-4038-BF2E-440DB540D2AE}.Release|Any CPU.Build.0 = Release|Any CPU
	EndGlobalSection
	GlobalSection(SolutionProperties) = preSolution
		HideSolutionNode = FALSE
	EndGlobalSection
	GlobalSection(ExtensibilityGlobals) = postSolution
		SolutionGuid = {5C149144-87DE-4F1E-B2BA-3CCAD7FA3766}
	EndGlobalSection
EndGlobal
